
Microsoft Visual Studio Solution File, Format Version 12.00
# Visual Studio 15
VisualStudioVersion = 15.0.27703.2018
MinimumVisualStudioVersion = 10.0.40219.1
Project("{FAE04EC0-301F-11D3-BF4B-00C04F79EFBC}") = "SpecFlowSetup", "SpecFlowSetup\SpecFlowSetup.csproj", "{165DF1A3-BF6C-4562-90E9-358BA907264D}"
EndProject
Project("{FAE04EC0-301F-11D3-BF4B-00C04F79EFBC}") = "Example", "Example\Example.csproj", "{34FBB21B-8C23-4E78-9856-5E7B094784A2}"
EndProject
Global
	GlobalSection(SolutionConfigurationPlatforms) = preSolution
		Debug|Any CPU = Debug|Any CPU
		Release|Any CPU = Release|Any CPU
	EndGlobalSection
	GlobalSection(ProjectConfigurationPlatforms) = postSolution
		{165DF1A3-BF6C-4562-90E9-358BA907264D}.Debug|Any CPU.ActiveCfg = Debug|Any CPU
		{165DF1A3-BF6C-4562-90E9-358BA907264D}.Debug|Any CPU.Build.0 = Debug|Any CPU
		{165DF1A3-BF6C-4562-90E9-358BA907264D}.Release|Any CPU.ActiveCfg = Release|Any CPU
		{165DF1A3-BF6C-4562-90E9-358BA907264D}.Release|Any CPU.Build.0 = Release|Any CPU
		{34FBB21B-8C23-4E78-9856-5E7B094784A2}.Debug|Any CPU.ActiveCfg = Debug|Any CPU
		{34FBB21B-8C23-4E78-9856-5E7B094784A2}.Debug|Any CPU.Build.0 = Debug|Any CPU
		{34FBB21B-8C23-4E78-9856-5E7B094784A2}.Release|Any CPU.ActiveCfg = Release|Any CPU
		{34FBB21B-8C23-4E78-9856-5E7B094784A2}.Release|Any CPU.Build.0 = Release|Any CPU
	EndGlobalSection
	GlobalSection(SolutionProperties) = preSolution
		HideSolutionNode = FALSE
	EndGlobalSection
	GlobalSection(ExtensibilityGlobals) = postSolution
		SolutionGuid = {59554EC2-61A2-41BA-84D8-4A57AC7E04C2}
	EndGlobalSection
EndGlobal
